
Microsoft Visual Studio Solution File, Format Version 12.00
# Visual Studio 15
VisualStudioVersion = 15.0.28307.645
MinimumVisualStudioVersion = 10.0.40219.1
Project("{FAE04EC0-301F-11D3-BF4B-00C04F79EFBC}") = "BasicApp", "BasicApp\BasicApp.csproj", "{1CA522B6-9CB9-42EF-82B5-C8F644A97015}"
EndProject
Global
	GlobalSection(SolutionConfigurationPlatforms) = preSolution
		Debug|Any CPU = Debug|Any CPU
		Release|Any CPU = Release|Any CPU
	EndGlobalSection
	GlobalSection(ProjectConfigurationPlatforms) = postSolution
		{1CA522B6-9CB9-42EF-82B5-C8F644A97015}.Debug|Any CPU.ActiveCfg = Debug|Any CPU
		{1CA522B6-9CB9-42EF-82B5-C8F644A97015}.Debug|Any CPU.Build.0 = Debug|Any CPU
		{1CA522B6-9CB9-42EF-82B5-C8F644A97015}.Release|Any CPU.ActiveCfg = Release|Any CPU
		{1CA522B6-9CB9-42EF-82B5-C8F644A97015}.Release|Any CPU.Build.0 = Release|Any CPU
	EndGlobalSection
	GlobalSection(SolutionProperties) = preSolution
		HideSolutionNode = FALSE
	EndGlobalSection
	GlobalSection(ExtensibilityGlobals) = postSolution
		SolutionGuid = {E4359649-BEE8-41A9-A4CC-F2AC1F567FF1}
	EndGlobalSection
EndGlobal
