
Microsoft Visual Studio Solution File, Format Version 12.00
# Visual Studio Version 16
VisualStudioVersion = 16.0.29424.173
MinimumVisualStudioVersion = 10.0.40219.1
Project("{FAE04EC0-301F-11D3-BF4B-00C04F79EFBC}") = "WizardApp", "WizardApp\WizardApp.csproj", "{BD11DA7D-9E0E-4216-BC63-B84639F336C0}"
EndProject
Global
	GlobalSection(SolutionConfigurationPlatforms) = preSolution
		Debug|Any CPU = Debug|Any CPU
		Release|Any CPU = Release|Any CPU
	EndGlobalSection
	GlobalSection(ProjectConfigurationPlatforms) = postSolution
		{BD11DA7D-9E0E-4216-BC63-B84639F336C0}.Debug|Any CPU.ActiveCfg = Debug|Any CPU
		{BD11DA7D-9E0E-4216-BC63-B84639F336C0}.Debug|Any CPU.Build.0 = Debug|Any CPU
		{BD11DA7D-9E0E-4216-BC63-B84639F336C0}.Release|Any CPU.ActiveCfg = Release|Any CPU
		{BD11DA7D-9E0E-4216-BC63-B84639F336C0}.Release|Any CPU.Build.0 = Release|Any CPU
	EndGlobalSection
	GlobalSection(SolutionProperties) = preSolution
		HideSolutionNode = FALSE
	EndGlobalSection
	GlobalSection(ExtensibilityGlobals) = postSolution
		SolutionGuid = {2CC64F73-3F2A-45E3-8CE6-342E5895416E}
	EndGlobalSection
EndGlobal
