
Microsoft Visual Studio Solution File, Format Version 12.00
# Visual Studio 15
VisualStudioVersion = 15.0.28307.572
MinimumVisualStudioVersion = 10.0.40219.1
Project("{FAE04EC0-301F-11D3-BF4B-00C04F79EFBC}") = "DelegateCommandApp", "DelegateCommandApp\DelegateCommandApp.csproj", "{D16640E3-BA5B-4EB2-BF39-BE95FB59A406}"
EndProject
Global
	GlobalSection(SolutionConfigurationPlatforms) = preSolution
		Debug|Any CPU = Debug|Any CPU
		Release|Any CPU = Release|Any CPU
	EndGlobalSection
	GlobalSection(ProjectConfigurationPlatforms) = postSolution
		{D16640E3-BA5B-4EB2-BF39-BE95FB59A406}.Debug|Any CPU.ActiveCfg = Debug|Any CPU
		{D16640E3-BA5B-4EB2-BF39-BE95FB59A406}.Debug|Any CPU.Build.0 = Debug|Any CPU
		{D16640E3-BA5B-4EB2-BF39-BE95FB59A406}.Release|Any CPU.ActiveCfg = Release|Any CPU
		{D16640E3-BA5B-4EB2-BF39-BE95FB59A406}.Release|Any CPU.Build.0 = Release|Any CPU
	EndGlobalSection
	GlobalSection(SolutionProperties) = preSolution
		HideSolutionNode = FALSE
	EndGlobalSection
	GlobalSection(ExtensibilityGlobals) = postSolution
		SolutionGuid = {B5F365EA-658F-4B73-B18C-A0561B762AC3}
	EndGlobalSection
EndGlobal
