
Microsoft Visual Studio Solution File, Format Version 12.00
# Visual Studio Version 16
VisualStudioVersion = 16.0.28922.388
MinimumVisualStudioVersion = 10.0.40219.1
Project("{FAE04EC0-301F-11D3-BF4B-00C04F79EFBC}") = "DataGridApp", "DataGridApp\DataGridApp.csproj", "{6F1FF2C2-5557-4679-9029-645AB6510AED}"
EndProject
Global
	GlobalSection(SolutionConfigurationPlatforms) = preSolution
		Debug|Any CPU = Debug|Any CPU
		Release|Any CPU = Release|Any CPU
	EndGlobalSection
	GlobalSection(ProjectConfigurationPlatforms) = postSolution
		{6F1FF2C2-5557-4679-9029-645AB6510AED}.Debug|Any CPU.ActiveCfg = Debug|Any CPU
		{6F1FF2C2-5557-4679-9029-645AB6510AED}.Debug|Any CPU.Build.0 = Debug|Any CPU
		{6F1FF2C2-5557-4679-9029-645AB6510AED}.Release|Any CPU.ActiveCfg = Release|Any CPU
		{6F1FF2C2-5557-4679-9029-645AB6510AED}.Release|Any CPU.Build.0 = Release|Any CPU
	EndGlobalSection
	GlobalSection(SolutionProperties) = preSolution
		HideSolutionNode = FALSE
	EndGlobalSection
	GlobalSection(ExtensibilityGlobals) = postSolution
		SolutionGuid = {041A1877-15C4-452F-8939-9127E7574223}
	EndGlobalSection
EndGlobal
