
Microsoft Visual Studio Solution File, Format Version 12.00
# Visual Studio 15
VisualStudioVersion = 15.0.28307.645
MinimumVisualStudioVersion = 10.0.40219.1
Project("{FAE04EC0-301F-11D3-BF4B-00C04F79EFBC}") = "ErrorsContainerApp", "ErrorsContainerApp\ErrorsContainerApp.csproj", "{1E4E51A3-99E7-4116-92A8-FA415E27FE68}"
EndProject
Global
	GlobalSection(SolutionConfigurationPlatforms) = preSolution
		Debug|Any CPU = Debug|Any CPU
		Release|Any CPU = Release|Any CPU
	EndGlobalSection
	GlobalSection(ProjectConfigurationPlatforms) = postSolution
		{1E4E51A3-99E7-4116-92A8-FA415E27FE68}.Debug|Any CPU.ActiveCfg = Debug|Any CPU
		{1E4E51A3-99E7-4116-92A8-FA415E27FE68}.Debug|Any CPU.Build.0 = Debug|Any CPU
		{1E4E51A3-99E7-4116-92A8-FA415E27FE68}.Release|Any CPU.ActiveCfg = Release|Any CPU
		{1E4E51A3-99E7-4116-92A8-FA415E27FE68}.Release|Any CPU.Build.0 = Release|Any CPU
	EndGlobalSection
	GlobalSection(SolutionProperties) = preSolution
		HideSolutionNode = FALSE
	EndGlobalSection
	GlobalSection(ExtensibilityGlobals) = postSolution
		SolutionGuid = {666F862C-06D0-47DE-98C1-3DDD0FF5064C}
	EndGlobalSection
EndGlobal
