
Microsoft Visual Studio Solution File, Format Version 12.00
# Visual Studio 15
VisualStudioVersion = 15.0.28307.572
MinimumVisualStudioVersion = 10.0.40219.1
Project("{FAE04EC0-301F-11D3-BF4B-00C04F79EFBC}") = "BasicApp", "BasicApp\BasicApp.csproj", "{D00AF5A6-D3E1-494C-9AFB-6AB68838AD7A}"
EndProject
Global
	GlobalSection(SolutionConfigurationPlatforms) = preSolution
		Debug|Any CPU = Debug|Any CPU
		Release|Any CPU = Release|Any CPU
	EndGlobalSection
	GlobalSection(ProjectConfigurationPlatforms) = postSolution
		{D00AF5A6-D3E1-494C-9AFB-6AB68838AD7A}.Debug|Any CPU.ActiveCfg = Debug|Any CPU
		{D00AF5A6-D3E1-494C-9AFB-6AB68838AD7A}.Debug|Any CPU.Build.0 = Debug|Any CPU
		{D00AF5A6-D3E1-494C-9AFB-6AB68838AD7A}.Release|Any CPU.ActiveCfg = Release|Any CPU
		{D00AF5A6-D3E1-494C-9AFB-6AB68838AD7A}.Release|Any CPU.Build.0 = Release|Any CPU
	EndGlobalSection
	GlobalSection(SolutionProperties) = preSolution
		HideSolutionNode = FALSE
	EndGlobalSection
	GlobalSection(ExtensibilityGlobals) = postSolution
		SolutionGuid = {199E3275-EBC4-48C6-A104-7B23A3FDDBB4}
	EndGlobalSection
EndGlobal
